
Microsoft Visual Studio Solution File, Format Version 12.00
# Visual Studio Version 17
VisualStudioVersion = 17.13.35913.81 d17.13
MinimumVisualStudioVersion = 10.0.40219.1
Project("{FAE04EC0-301F-11D3-BF4B-00C04F79EFBC}") = "WpfApp1", "WpfApp1\WpfApp1.csproj", "{2F223A07-105F-4DC0-B381-B9BF838AD381}"
EndProject
Global
	GlobalSection(SolutionConfigurationPlatforms) = preSolution
		Debug|Any CPU = Debug|Any CPU
		Release|Any CPU = Release|Any CPU
	EndGlobalSection
	GlobalSection(ProjectConfigurationPlatforms) = postSolution
		{2F223A07-105F-4DC0-B381-B9BF838AD381}.Debug|Any CPU.ActiveCfg = Debug|Any CPU
		{2F223A07-105F-4DC0-B381-B9BF838AD381}.Debug|Any CPU.Build.0 = Debug|Any CPU
		{2F223A07-105F-4DC0-B381-B9BF838AD381}.Release|Any CPU.ActiveCfg = Release|Any CPU
		{2F223A07-105F-4DC0-B381-B9BF838AD381}.Release|Any CPU.Build.0 = Release|Any CPU
	EndGlobalSection
	GlobalSection(SolutionProperties) = preSolution
		HideSolutionNode = FALSE
	EndGlobalSection
	GlobalSection(ExtensibilityGlobals) = postSolution
		SolutionGuid = {A06F6ECE-D991-44B6-8B9B-181FC362C809}
	EndGlobalSection
EndGlobal
